
Microsoft Visual Studio Solution File, Format Version 12.00
# Visual Studio Version 17
VisualStudioVersion = 17.13.35828.75 d17.13
MinimumVisualStudioVersion = 10.0.40219.1
Project("{FAE04EC0-301F-11D3-BF4B-00C04F79EFBC}") = "WebApplication1", "WebApplication1\WebApplication1.csproj", "{89EE30C9-E6E9-41EE-80F4-72BA86E7AA18}"
EndProject
Global
	GlobalSection(SolutionConfigurationPlatforms) = preSolution
		Debug|Any CPU = Debug|Any CPU
		Release|Any CPU = Release|Any CPU
	EndGlobalSection
	GlobalSection(ProjectConfigurationPlatforms) = postSolution
		{89EE30C9-E6E9-41EE-80F4-72BA86E7AA18}.Debug|Any CPU.ActiveCfg = Debug|Any CPU
		{89EE30C9-E6E9-41EE-80F4-72BA86E7AA18}.Debug|Any CPU.Build.0 = Debug|Any CPU
		{89EE30C9-E6E9-41EE-80F4-72BA86E7AA18}.Release|Any CPU.ActiveCfg = Release|Any CPU
		{89EE30C9-E6E9-41EE-80F4-72BA86E7AA18}.Release|Any CPU.Build.0 = Release|Any CPU
	EndGlobalSection
	GlobalSection(SolutionProperties) = preSolution
		HideSolutionNode = FALSE
	EndGlobalSection
	GlobalSection(ExtensibilityGlobals) = postSolution
		SolutionGuid = {6F776E4D-50DC-425F-9B6D-FF8D95F80358}
	EndGlobalSection
EndGlobal
